// !$*UTF8*$!
{
	archiveVersion = 1;
	classes = {
	};
	objectVersion = 56;
	objects = {

/* Begin PBXBuildFile section */
		339FE9EB38B9F787B6A63E28 /* Pods_RNWrapper.framework in Frameworks */ = {isa = PBXBuildFile; fileRef = 90026840C3D777BB2F6ACF0F /* Pods_RNWrapper.framework */; };
		804C434629BB551A0041C9A6 /* RNWrapperApp.swift in Sources */ = {isa = PBXBuildFile; fileRef = 804C434529BB551A0041C9A6 /* RNWrapperApp.swift */; };
		804C434829BB551A0041C9A6 /* ContentView.swift in Sources */ = {isa = PBXBuildFile; fileRef = 804C434729BB551A0041C9A6 /* ContentView.swift */; };
		804C434A29BB551B0041C9A6 /* Assets.xcassets in Resources */ = {isa = PBXBuildFile; fileRef = 804C434929BB551B0041C9A6 /* Assets.xcassets */; };
		804C434D29BB551B0041C9A6 /* Preview Assets.xcassets in Resources */ = {isa = PBXBuildFile; fileRef = 804C434C29BB551B0041C9A6 /* Preview Assets.xcassets */; };
		80E1662029CC913C00DECFD2 /* RNContentView.swift in Sources */ = {isa = PBXBuildFile; fileRef = 80E1661F29CC913C00DECFD2 /* RNContentView.swift */; };
/* End PBXBuildFile section */

/* Begin PBXFileReference section */
		46252720F6D542690DDB52DC /* Pods-RNWrapper.debug.xcconfig */ = {isa = PBXFileReference; includeInIndex = 1; lastKnownFileType = text.xcconfig; name = "Pods-RNWrapper.debug.xcconfig"; path = "Target Support Files/Pods-RNWrapper/Pods-RNWrapper.debug.xcconfig"; sourceTree = "<group>"; };
		804C434229BB551A0041C9A6 /* RNWrapper.app */ = {isa = PBXFileReference; explicitFileType = wrapper.application; includeInIndex = 0; path = RNWrapper.app; sourceTree = BUILT_PRODUCTS_DIR; };
		804C434529BB551A0041C9A6 /* RNWrapperApp.swift */ = {isa = PBXFileReference; lastKnownFileType = sourcecode.swift; path = RNWrapperApp.swift; sourceTree = "<group>"; };
		804C434729BB551A0041C9A6 /* ContentView.swift */ = {isa = PBXFileReference; lastKnownFileType = sourcecode.swift; path = ContentView.swift; sourceTree = "<group>"; };
		804C434929BB551B0041C9A6 /* Assets.xcassets */ = {isa = PBXFileReference; lastKnownFileType = folder.assetcatalog; path = Assets.xcassets; sourceTree = "<group>"; };
		804C434C29BB551B0041C9A6 /* Preview Assets.xcassets */ = {isa = PBXFileReference; lastKnownFileType = folder.assetcatalog; path = "Preview Assets.xcassets"; sourceTree = "<group>"; };
		80E1661F29CC913C00DECFD2 /* RNContentView.swift */ = {isa = PBXFileReference; lastKnownFileType = sourcecode.swift; path = RNContentView.swift; sourceTree = "<group>"; };
		80E1662129CC9BA900DECFD2 /* Info.plist */ = {isa = PBXFileReference; lastKnownFileType = text.plist; path = Info.plist; sourceTree = "<group>"; };
		90026840C3D777BB2F6ACF0F /* Pods_RNWrapper.framework */ = {isa = PBXFileReference; explicitFileType = wrapper.framework; includeInIndex = 0; path = Pods_RNWrapper.framework; sourceTree = BUILT_PRODUCTS_DIR; };
		BDB6FF3DDBB4AE15A9E9C505 /* Pods-RNWrapper.release.xcconfig */ = {isa = PBXFileReference; includeInIndex = 1; lastKnownFileType = text.xcconfig; name = "Pods-RNWrapper.release.xcconfig"; path = "Target Support Files/Pods-RNWrapper/Pods-RNWrapper.release.xcconfig"; sourceTree = "<group>"; };
/* End PBXFileReference section */

/* Begin PBXFrameworksBuildPhase section */
		804C433F29BB551A0041C9A6 /* Frameworks */ = {
			isa = PBXFrameworksBuildPhase;
			buildActionMask = 2147483647;
			files = (
				339FE9EB38B9F787B6A63E28 /* Pods_RNWrapper.framework in Frameworks */,
			);
			runOnlyForDeploymentPostprocessing = 0;
		};
/* End PBXFrameworksBuildPhase section */

/* Begin PBXGroup section */
		159337DF3A15F163DAC9CACB /* Pods */ = {
			isa = PBXGroup;
			children = (
				46252720F6D542690DDB52DC /* Pods-RNWrapper.debug.xcconfig */,
				BDB6FF3DDBB4AE15A9E9C505 /* Pods-RNWrapper.release.xcconfig */,
			);
			path = Pods;
			sourceTree = "<group>";
		};
		2398E0B571603B20E14CEF99 /* Frameworks */ = {
			isa = PBXGroup;
			children = (
				90026840C3D777BB2F6ACF0F /* Pods_RNWrapper.framework */,
			);
			name = Frameworks;
			sourceTree = "<group>";
		};
		804C433929BB551A0041C9A6 = {
			isa = PBXGroup;
			children = (
				804C434429BB551A0041C9A6 /* RNWrapper */,
				804C434329BB551A0041C9A6 /* Products */,
				159337DF3A15F163DAC9CACB /* Pods */,
				2398E0B571603B20E14CEF99 /* Frameworks */,
			);
			sourceTree = "<group>";
		};
		804C434329BB551A0041C9A6 /* Products */ = {
			isa = PBXGroup;
			children = (
				804C434229BB551A0041C9A6 /* RNWrapper.app */,
			);
			name = Products;
			sourceTree = "<group>";
		};
		804C434429BB551A0041C9A6 /* RNWrapper */ = {
			isa = PBXGroup;
			children = (
				80E1662129CC9BA900DECFD2 /* Info.plist */,
				804C434529BB551A0041C9A6 /* RNWrapperApp.swift */,
				804C434729BB551A0041C9A6 /* ContentView.swift */,
				80E1661F29CC913C00DECFD2 /* RNContentView.swift */,
				804C434929BB551B0041C9A6 /* Assets.xcassets */,
				804C434B29BB551B0041C9A6 /* Preview Content */,
			);
			path = RNWrapper;
			sourceTree = "<group>";
		};
		804C434B29BB551B0041C9A6 /* Preview Content */ = {
			isa = PBXGroup;
			children = (
				804C434C29BB551B0041C9A6 /* Preview Assets.xcassets */,
			);
			path = "Preview Content";
			sourceTree = "<group>";
		};
/* End PBXGroup section */

/* Begin PBXNativeTarget section */
		804C434129BB551A0041C9A6 /* RNWrapper */ = {
			isa = PBXNativeTarget;
			buildConfigurationList = 804C435029BB551B0041C9A6 /* Build configuration list for PBXNativeTarget "RNWrapper" */;
			buildPhases = (
				474E043C299564AF6E67DD51 /* [CP] Check Pods Manifest.lock */,
				804C433E29BB551A0041C9A6 /* Sources */,
				804C433F29BB551A0041C9A6 /* Frameworks */,
				804C434029BB551A0041C9A6 /* Resources */,
				46BE3588AE7F68AB5A4FF56B /* [CP] Embed Pods Frameworks */,
			);
			buildRules = (
			);
			dependencies = (
			);
			name = RNWrapper;
			productName = RNWrapper;
			productReference = 804C434229BB551A0041C9A6 /* RNWrapper.app */;
			productType = "com.apple.product-type.application";
		};
/* End PBXNativeTarget section */

/* Begin PBXProject section */
		804C433A29BB551A0041C9A6 /* Project object */ = {
			isa = PBXProject;
			attributes = {
				BuildIndependentTargetsInParallel = 1;
				LastSwiftUpdateCheck = 1400;
				LastUpgradeCheck = 1400;
				TargetAttributes = {
					804C434129BB551A0041C9A6 = {
						CreatedOnToolsVersion = 14.0.1;
					};
				};
			};
			buildConfigurationList = 804C433D29BB551A0041C9A6 /* Build configuration list for PBXProject "RNWrapper" */;
			compatibilityVersion = "Xcode 14.0";
			developmentRegion = en;
			hasScannedForEncodings = 0;
			knownRegions = (
				en,
				Base,
			);
			mainGroup = 804C433929BB551A0041C9A6;
			productRefGroup = 804C434329BB551A0041C9A6 /* Products */;
			projectDirPath = "";
			projectRoot = "";
			targets = (
				804C434129BB551A0041C9A6 /* RNWrapper */,
			);
		};
/* End PBXProject section */

/* Begin PBXResourcesBuildPhase section */
		804C434029BB551A0041C9A6 /* Resources */ = {
			isa = PBXResourcesBuildPhase;
			buildActionMask = 2147483647;
			files = (
				804C434D29BB551B0041C9A6 /* Preview Assets.xcassets in Resources */,
				804C434A29BB551B0041C9A6 /* Assets.xcassets in Resources */,
			);
			runOnlyForDeploymentPostprocessing = 0;
		};
/* End PBXResourcesBuildPhase section */

/* Begin PBXShellScriptBuildPhase section */
		46BE3588AE7F68AB5A4FF56B /* [CP] Embed Pods Frameworks */ = {
			isa = PBXShellScriptBuildPhase;
			buildActionMask = 2147483647;
			files = (
			);
			inputFileListPaths = (
				"${PODS_ROOT}/Target Support Files/Pods-RNWrapper/Pods-RNWrapper-frameworks-${CONFIGURATION}-input-files.xcfilelist",
			);
			name = "[CP] Embed Pods Frameworks";
			outputFileListPaths = (
				"${PODS_ROOT}/Target Support Files/Pods-RNWrapper/Pods-RNWrapper-frameworks-${CONFIGURATION}-output-files.xcfilelist",
			);
			runOnlyForDeploymentPostprocessing = 0;
			shellPath = /bin/sh;
			shellScript = "\"${PODS_ROOT}/Target Support Files/Pods-RNWrapper/Pods-RNWrapper-frameworks.sh\"\n";
			showEnvVarsInLog = 0;
		};
		474E043C299564AF6E67DD51 /* [CP] Check Pods Manifest.lock */ = {
			isa = PBXShellScriptBuildPhase;
			buildActionMask = 2147483647;
			files = (
			);
			inputFileListPaths = (
			);
			inputPaths = (
				"${PODS_PODFILE_DIR_PATH}/Podfile.lock",
				"${PODS_ROOT}/Manifest.lock",
			);
			name = "[CP] Check Pods Manifest.lock";
			outputFileListPaths = (
			);
			outputPaths = (
				"$(DERIVED_FILE_DIR)/Pods-RNWrapper-checkManifestLockResult.txt",
			);
			runOnlyForDeploymentPostprocessing = 0;
			shellPath = /bin/sh;
			shellScript = "diff \"${PODS_PODFILE_DIR_PATH}/Podfile.lock\" \"${PODS_ROOT}/Manifest.lock\" > /dev/null\nif [ $? != 0 ] ; then\n    # print error to STDERR\n    echo \"error: The sandbox is not in sync with the Podfile.lock. Run 'pod install' or update your CocoaPods installation.\" >&2\n    exit 1\nfi\n# This output is used by Xcode 'outputs' to avoid re-running this script phase.\necho \"SUCCESS\" > \"${SCRIPT_OUTPUT_FILE_0}\"\n";
			showEnvVarsInLog = 0;
		};
/* End PBXShellScriptBuildPhase section */

/* Begin PBXSourcesBuildPhase section */
		804C433E29BB551A0041C9A6 /* Sources */ = {
			isa = PBXSourcesBuildPhase;
			buildActionMask = 2147483647;
			files = (
				80E1662029CC913C00DECFD2 /* RNContentView.swift in Sources */,
				804C434829BB551A0041C9A6 /* ContentView.swift in Sources */,
				804C434629BB551A0041C9A6 /* RNWrapperApp.swift in Sources */,
			);
			runOnlyForDeploymentPostprocessing = 0;
		};
/* End PBXSourcesBuildPhase section */

/* Begin XCBuildConfiguration section */
		804C434E29BB551B0041C9A6 /* Debug */ = {
			isa = XCBuildConfiguration;
			buildSettings = {
				ALWAYS_SEARCH_USER_PATHS = NO;
				CLANG_ANALYZER_NONNULL = YES;
				CLANG_ANALYZER_NUMBER_OBJECT_CONVERSION = YES_AGGRESSIVE;
				CLANG_CXX_LANGUAGE_STANDARD = "gnu++20";
				CLANG_ENABLE_MODULES = YES;
				CLANG_ENABLE_OBJC_ARC = YES;
				CLANG_ENABLE_OBJC_WEAK = YES;
				CLANG_WARN_BLOCK_CAPTURE_AUTORELEASING = YES;
				CLANG_WARN_BOOL_CONVERSION = YES;
				CLANG_WARN_COMMA = YES;
				CLANG_WARN_CONSTANT_CONVERSION = YES;
				CLANG_WARN_DEPRECATED_OBJC_IMPLEMENTATIONS = YES;
				CLANG_WARN_DIRECT_OBJC_ISA_USAGE = YES_ERROR;
				CLANG_WARN_DOCUMENTATION_COMMENTS = YES;
				CLANG_WARN_EMPTY_BODY = YES;
				CLANG_WARN_ENUM_CONVERSION = YES;
				CLANG_WARN_INFINITE_RECURSION = YES;
				CLANG_WARN_INT_CONVERSION = YES;
				CLANG_WARN_NON_LITERAL_NULL_CONVERSION = YES;
				CLANG_WARN_OBJC_IMPLICIT_RETAIN_SELF = YES;
				CLANG_WARN_OBJC_LITERAL_CONVERSION = YES;
				CLANG_WARN_OBJC_ROOT_CLASS = YES_ERROR;
				CLANG_WARN_QUOTED_INCLUDE_IN_FRAMEWORK_HEADER = YES;
				CLANG_WARN_RANGE_LOOP_ANALYSIS = YES;
				CLANG_WARN_STRICT_PROTOTYPES = YES;
				CLANG_WARN_SUSPICIOUS_MOVE = YES;
				CLANG_WARN_UNGUARDED_AVAILABILITY = YES_AGGRESSIVE;
				CLANG_WARN_UNREACHABLE_CODE = YES;
				CLANG_WARN__DUPLICATE_METHOD_MATCH = YES;
				COPY_PHASE_STRIP = NO;
				DEBUG_INFORMATION_FORMAT = dwarf;
				ENABLE_STRICT_OBJC_MSGSEND = YES;
				ENABLE_TESTABILITY = YES;
				GCC_C_LANGUAGE_STANDARD = gnu11;
				GCC_DYNAMIC_NO_PIC = NO;
				GCC_NO_COMMON_BLOCKS = YES;
				GCC_OPTIMIZATION_LEVEL = 0;
				GCC_PREPROCESSOR_DEFINITIONS = (
					"DEBUG=1",
					"$(inherited)",
				);
				GCC_WARN_64_TO_32_BIT_CONVERSION = YES;
				GCC_WARN_ABOUT_RETURN_TYPE = YES_ERROR;
				GCC_WARN_UNDECLARED_SELECTOR = YES;
				GCC_WARN_UNINITIALIZED_AUTOS = YES_AGGRESSIVE;
				GCC_WARN_UNUSED_FUNCTION = YES;
				GCC_WARN_UNUSED_VARIABLE = YES;
				IPHONEOS_DEPLOYMENT_TARGET = 16.0;
				MTL_ENABLE_DEBUG_INFO = INCLUDE_SOURCE;
				MTL_FAST_MATH = YES;
				ONLY_ACTIVE_ARCH = YES;
				SDKROOT = iphoneos;
				SWIFT_ACTIVE_COMPILATION_CONDITIONS = DEBUG;
				SWIFT_OPTIMIZATION_LEVEL = "-Onone";
			};
			name = Debug;
		};
		804C434F29BB551B0041C9A6 /* Release */ = {
			isa = XCBuildConfiguration;
			buildSettings = {
				ALWAYS_SEARCH_USER_PATHS = NO;
				CLANG_ANALYZER_NONNULL = YES;
				CLANG_ANALYZER_NUMBER_OBJECT_CONVERSION = YES_AGGRESSIVE;
				CLANG_CXX_LANGUAGE_STANDARD = "gnu++20";
				CLANG_ENABLE_MODULES = YES;
				CLANG_ENABLE_OBJC_ARC = YES;
				CLANG_ENABLE_OBJC_WEAK = YES;
				CLANG_WARN_BLOCK_CAPTURE_AUTORELEASING = YES;
				CLANG_WARN_BOOL_CONVERSION = YES;
				CLANG_WARN_COMMA = YES;
				CLANG_WARN_CONSTANT_CONVERSION = YES;
				CLANG_WARN_DEPRECATED_OBJC_IMPLEMENTATIONS = YES;
				CLANG_WARN_DIRECT_OBJC_ISA_USAGE = YES_ERROR;
				CLANG_WARN_DOCUMENTATION_COMMENTS = YES;
				CLANG_WARN_EMPTY_BODY = YES;
				CLANG_WARN_ENUM_CONVERSION = YES;
				CLANG_WARN_INFINITE_RECURSION = YES;
				CLANG_WARN_INT_CONVERSION = YES;
				CLANG_WARN_NON_LITERAL_NULL_CONVERSION = YES;
				CLANG_WARN_OBJC_IMPLICIT_RETAIN_SELF = YES;
				CLANG_WARN_OBJC_LITERAL_CONVERSION = YES;
				CLANG_WARN_OBJC_ROOT_CLASS = YES_ERROR;
				CLANG_WARN_QUOTED_INCLUDE_IN_FRAMEWORK_HEADER = YES;
				CLANG_WARN_RANGE_LOOP_ANALYSIS = YES;
				CLANG_WARN_STRICT_PROTOTYPES = YES;
				CLANG_WARN_SUSPICIOUS_MOVE = YES;
				CLANG_WARN_UNGUARDED_AVAILABILITY = YES_AGGRESSIVE;
				CLANG_WARN_UNREACHABLE_CODE = YES;
				CLANG_WARN__DUPLICATE_METHOD_MATCH = YES;
				COPY_PHASE_STRIP = NO;
				DEBUG_INFORMATION_FORMAT = "dwarf-with-dsym";
				ENABLE_NS_ASSERTIONS = NO;
				ENABLE_STRICT_OBJC_MSGSEND = YES;
				GCC_C_LANGUAGE_STANDARD = gnu11;
				GCC_NO_COMMON_BLOCKS = YES;
				GCC_WARN_64_TO_32_BIT_CONVERSION = YES;
				GCC_WARN_ABOUT_RETURN_TYPE = YES_ERROR;
				GCC_WARN_UNDECLARED_SELECTOR = YES;
				GCC_WARN_UNINITIALIZED_AUTOS = YES_AGGRESSIVE;
				GCC_WARN_UNUSED_FUNCTION = YES;
				GCC_WARN_UNUSED_VARIABLE = YES;
				IPHONEOS_DEPLOYMENT_TARGET = 16.0;
				MTL_ENABLE_DEBUG_INFO = NO;
				MTL_FAST_MATH = YES;
				SDKROOT = iphoneos;
				SWIFT_COMPILATION_MODE = wholemodule;
				SWIFT_OPTIMIZATION_LEVEL = "-O";
				VALIDATE_PRODUCT = YES;
			};
			name = Release;
		};
		804C435129BB551B0041C9A6 /* Debug */ = {
			isa = XCBuildConfiguration;
			baseConfigurationReference = 46252720F6D542690DDB52DC /* Pods-RNWrapper.debug.xcconfig */;
			buildSettings = {
				ASSETCATALOG_COMPILER_APPICON_NAME = AppIcon;
				ASSETCATALOG_COMPILER_GLOBAL_ACCENT_COLOR_NAME = AccentColor;
				CODE_SIGN_STYLE = Automatic;
				CURRENT_PROJECT_VERSION = 1;
				DEVELOPMENT_ASSET_PATHS = "\"RNWrapper/Preview Content\"";
				ENABLE_PREVIEWS = YES;
				GENERATE_INFOPLIST_FILE = YES;
				INFOPLIST_FILE = RNWrapper/Info.plist;
				INFOPLIST_KEY_UIApplicationSceneManifest_Generation = YES;
				INFOPLIST_KEY_UIApplicationSupportsIndirectInputEvents = YES;
				INFOPLIST_KEY_UILaunchScreen_Generation = YES;
				INFOPLIST_KEY_UISupportedInterfaceOrientations_iPad = "UIInterfaceOrientationPortrait UIInterfaceOrientationPortraitUpsideDown UIInterfaceOrientationLandscapeLeft UIInterfaceOrientationLandscapeRight";
				INFOPLIST_KEY_UISupportedInterfaceOrientations_iPhone = "UIInterfaceOrientationPortrait UIInterfaceOrientationLandscapeLeft UIInterfaceOrientationLandscapeRight";
				LD_RUNPATH_SEARCH_PATHS = (
					"$(inherited)",
					"@executable_path/Frameworks",
				);
				MARKETING_VERSION = 1.0;
				PRODUCT_BUNDLE_IDENTIFIER = com.tw.RNWrapper;
				PRODUCT_NAME = "$(TARGET_NAME)";
				SWIFT_EMIT_LOC_STRINGS = YES;
				SWIFT_VERSION = 5.0;
				TARGETED_DEVICE_FAMILY = "1,2";
			};
			name = Debug;
		};
		804C435229BB551B0041C9A6 /* Release */ = {
			isa = XCBuildConfiguration;
			baseConfigurationReference = BDB6FF3DDBB4AE15A9E9C505 /* Pods-RNWrapper.release.xcconfig */;
			buildSettings = {
				ASSETCATALOG_COMPILER_APPICON_NAME = AppIcon;
				ASSETCATALOG_COMPILER_GLOBAL_ACCENT_COLOR_NAME = AccentColor;
				CODE_SIGN_STYLE = Automatic;
				CURRENT_PROJECT_VERSION = 1;
				DEVELOPMENT_ASSET_PATHS = "\"RNWrapper/Preview Content\"";
				ENABLE_PREVIEWS = YES;
				GENERATE_INFOPLIST_FILE = YES;
				INFOPLIST_FILE = RNWrapper/Info.plist;
				INFOPLIST_KEY_UIApplicationSceneManifest_Generation = YES;
				INFOPLIST_KEY_UIApplicationSupportsIndirectInputEvents = YES;
				INFOPLIST_KEY_UILaunchScreen_Generation = YES;
				INFOPLIST_KEY_UISupportedInterfaceOrientations_iPad = "UIInterfaceOrientationPortrait UIInterfaceOrientationPortraitUpsideDown UIInterfaceOrientationLandscapeLeft UIInterfaceOrientationLandscapeRight";
				INFOPLIST_KEY_UISupportedInterfaceOrientations_iPhone = "UIInterfaceOrientationPortrait UIInterfaceOrientationLandscapeLeft UIInterfaceOrientationLandscapeRight";
				LD_RUNPATH_SEARCH_PATHS = (
					"$(inherited)",
					"@executable_path/Frameworks",
				);
				MARKETING_VERSION = 1.0;
				PRODUCT_BUNDLE_IDENTIFIER = com.tw.RNWrapper;
				PRODUCT_NAME = "$(TARGET_NAME)";
				SWIFT_EMIT_LOC_STRINGS = YES;
				SWIFT_VERSION = 5.0;
				TARGETED_DEVICE_FAMILY = "1,2";
			};
			name = Release;
		};
/* End XCBuildConfiguration section */

/* Begin XCConfigurationList section */
		804C433D29BB551A0041C9A6 /* Build configuration list for PBXProject "RNWrapper" */ = {
			isa = XCConfigurationList;
			buildConfigurations = (
				804C434E29BB551B0041C9A6 /* Debug */,
				804C434F29BB551B0041C9A6 /* Release */,
			);
			defaultConfigurationIsVisible = 0;
			defaultConfigurationName = Release;
		};
		804C435029BB551B0041C9A6 /* Build configuration list for PBXNativeTarget "RNWrapper" */ = {
			isa = XCConfigurationList;
			buildConfigurations = (
				804C435129BB551B0041C9A6 /* Debug */,
				804C435229BB551B0041C9A6 /* Release */,
			);
			defaultConfigurationIsVisible = 0;
			defaultConfigurationName = Release;
		};
/* End XCConfigurationList section */
	};
	rootObject = 804C433A29BB551A0041C9A6 /* Project object */;
}
